// !$*UTF8*$!
{
	archiveVersion = 1;
	classes = {
	};
	objectVersion = 50;
	objects = {

/* Begin PBXBuildFile section */
		FA313D03217295B9007863C3 /* AppDelegate.swift in Sources */ = {isa = PBXBuildFile; fileRef = FA313D02217295B9007863C3 /* AppDelegate.swift */; };
		FA313D05217295B9007863C3 /* Level-1.sks in Resources */ = {isa = PBXBuildFile; fileRef = FA313D04217295B9007863C3 /* Level-1.sks */; };
		FA313D09217295B9007863C3 /* GameScene.swift in Sources */ = {isa = PBXBuildFile; fileRef = FA313D08217295B9007863C3 /* GameScene.swift */; };
		FA313D0B217295B9007863C3 /* GameViewController.swift in Sources */ = {isa = PBXBuildFile; fileRef = FA313D0A217295B9007863C3 /* GameViewController.swift */; };
		FA313D0E217295B9007863C3 /* Main.storyboard in Resources */ = {isa = PBXBuildFile; fileRef = FA313D0C217295B9007863C3 /* Main.storyboard */; };
		FA313D10217295BC007863C3 /* Assets.xcassets in Resources */ = {isa = PBXBuildFile; fileRef = FA313D0F217295BC007863C3 /* Assets.xcassets */; };
		FA313D13217295BC007863C3 /* LaunchScreen.storyboard in Resources */ = {isa = PBXBuildFile; fileRef = FA313D11217295BC007863C3 /* LaunchScreen.storyboard */; };
		FA313D6D21729731007863C3 /* CloudTwo.png in Resources */ = {isa = PBXBuildFile; fileRef = FA313D5221729731007863C3 /* CloudTwo.png */; };
		FA313D6E21729731007863C3 /* Rectangle-1-40x20.png in Resources */ = {isa = PBXBuildFile; fileRef = FA313D5321729731007863C3 /* Rectangle-1-40x20.png */; };
		FA313D6F21729731007863C3 /* Skull.png in Resources */ = {isa = PBXBuildFile; fileRef = FA313D5421729731007863C3 /* Skull.png */; };
		FA313D7021729731007863C3 /* Rectangle-2-120x20.png in Resources */ = {isa = PBXBuildFile; fileRef = FA313D5521729731007863C3 /* Rectangle-2-120x20.png */; };
		FA313D7121729731007863C3 /* Circle-1-30x30.png in Resources */ = {isa = PBXBuildFile; fileRef = FA313D5621729731007863C3 /* Circle-1-30x30.png */; };
		FA313D7221729731007863C3 /* OrangeTree.png in Resources */ = {isa = PBXBuildFile; fileRef = FA313D5721729731007863C3 /* OrangeTree.png */; };
		FA313D7321729731007863C3 /* Rectangle-1-60x30.png in Resources */ = {isa = PBXBuildFile; fileRef = FA313D5821729731007863C3 /* Rectangle-1-60x30.png */; };
		FA313D7421729731007863C3 /* Rectangle-2-30x30.png in Resources */ = {isa = PBXBuildFile; fileRef = FA313D5921729731007863C3 /* Rectangle-2-30x30.png */; };
		FA313D7521729731007863C3 /* Rectangle-2-20x20.png in Resources */ = {isa = PBXBuildFile; fileRef = FA313D5A21729731007863C3 /* Rectangle-2-20x20.png */; };
		FA313D7621729731007863C3 /* Rectangle-1-60x20.png in Resources */ = {isa = PBXBuildFile; fileRef = FA313D5B21729731007863C3 /* Rectangle-1-60x20.png */; };
		FA313D7721729731007863C3 /* background.png in Resources */ = {isa = PBXBuildFile; fileRef = FA313D5C21729731007863C3 /* background.png */; };
		FA313D7821729731007863C3 /* Rectangle-3-120x20.png in Resources */ = {isa = PBXBuildFile; fileRef = FA313D5D21729731007863C3 /* Rectangle-3-120x20.png */; };
		FA313D7921729731007863C3 /* Rectangle-3-40x20.png in Resources */ = {isa = PBXBuildFile; fileRef = FA313D5E21729731007863C3 /* Rectangle-3-40x20.png */; };
		FA313D7A21729731007863C3 /* Orange.png in Resources */ = {isa = PBXBuildFile; fileRef = FA313D5F21729731007863C3 /* Orange.png */; };
		FA313D7B21729731007863C3 /* CloudThree.png in Resources */ = {isa = PBXBuildFile; fileRef = FA313D6021729731007863C3 /* CloudThree.png */; };
		FA313D7C21729731007863C3 /* Rectangle-2-60x30.png in Resources */ = {isa = PBXBuildFile; fileRef = FA313D6121729731007863C3 /* Rectangle-2-60x30.png */; };
		FA313D7D21729731007863C3 /* Rectangle-2-60x20.png in Resources */ = {isa = PBXBuildFile; fileRef = FA313D6221729731007863C3 /* Rectangle-2-60x20.png */; };
		FA313D7E21729731007863C3 /* Rectangle-1-20x20.png in Resources */ = {isa = PBXBuildFile; fileRef = FA313D6321729731007863C3 /* Rectangle-1-20x20.png */; };
		FA313D7F21729731007863C3 /* Rectangle-1-30x30.png in Resources */ = {isa = PBXBuildFile; fileRef = FA313D6421729731007863C3 /* Rectangle-1-30x30.png */; };
		FA313D8021729731007863C3 /* Ground.png in Resources */ = {isa = PBXBuildFile; fileRef = FA313D6521729731007863C3 /* Ground.png */; };
		FA313D8121729731007863C3 /* Rectangle-2-40x20.png in Resources */ = {isa = PBXBuildFile; fileRef = FA313D6621729731007863C3 /* Rectangle-2-40x20.png */; };
		FA313D8221729731007863C3 /* CloudOne.png in Resources */ = {isa = PBXBuildFile; fileRef = FA313D6721729731007863C3 /* CloudOne.png */; };
		FA313D8321729731007863C3 /* Rectangle-1-120x20.png in Resources */ = {isa = PBXBuildFile; fileRef = FA313D6821729731007863C3 /* Rectangle-1-120x20.png */; };
		FA313D8421729731007863C3 /* Sun.png in Resources */ = {isa = PBXBuildFile; fileRef = FA313D6921729731007863C3 /* Sun.png */; };
		FA313D8521729731007863C3 /* Circle-2-30x30.png in Resources */ = {isa = PBXBuildFile; fileRef = FA313D6A21729731007863C3 /* Circle-2-30x30.png */; };
		FA313D8621729731007863C3 /* Rectangle-4-40x20.png in Resources */ = {isa = PBXBuildFile; fileRef = FA313D6B21729731007863C3 /* Rectangle-4-40x20.png */; };
		FA313D8721729731007863C3 /* Rectangle-4-120x20.png in Resources */ = {isa = PBXBuildFile; fileRef = FA313D6C21729731007863C3 /* Rectangle-4-120x20.png */; };
		FA313D892172ABD5007863C3 /* Mango.swift in Sources */ = {isa = PBXBuildFile; fileRef = FA313D882172ABD5007863C3 /* Mango.swift */; };
/* End PBXBuildFile section */

/* Begin PBXFileReference section */
		FA313CFF217295B9007863C3 /* MangoTree.app */ = {isa = PBXFileReference; explicitFileType = wrapper.application; includeInIndex = 0; path = MangoTree.app; sourceTree = BUILT_PRODUCTS_DIR; };
		FA313D02217295B9007863C3 /* AppDelegate.swift */ = {isa = PBXFileReference; lastKnownFileType = sourcecode.swift; path = AppDelegate.swift; sourceTree = "<group>"; };
		FA313D04217295B9007863C3 /* Level-1.sks */ = {isa = PBXFileReference; lastKnownFileType = file.sks; path = "Level-1.sks"; sourceTree = "<group>"; };
		FA313D08217295B9007863C3 /* GameScene.swift */ = {isa = PBXFileReference; lastKnownFileType = sourcecode.swift; path = GameScene.swift; sourceTree = "<group>"; };
		FA313D0A217295B9007863C3 /* GameViewController.swift */ = {isa = PBXFileReference; lastKnownFileType = sourcecode.swift; path = GameViewController.swift; sourceTree = "<group>"; };
		FA313D0D217295B9007863C3 /* Base */ = {isa = PBXFileReference; lastKnownFileType = file.storyboard; name = Base; path = Base.lproj/Main.storyboard; sourceTree = "<group>"; };
		FA313D0F217295BC007863C3 /* Assets.xcassets */ = {isa = PBXFileReference; lastKnownFileType = folder.assetcatalog; path = Assets.xcassets; sourceTree = "<group>"; };
		FA313D12217295BC007863C3 /* Base */ = {isa = PBXFileReference; lastKnownFileType = file.storyboard; name = Base; path = Base.lproj/LaunchScreen.storyboard; sourceTree = "<group>"; };
		FA313D14217295BC007863C3 /* Info.plist */ = {isa = PBXFileReference; lastKnownFileType = text.plist.xml; path = Info.plist; sourceTree = "<group>"; };
		FA313D5221729731007863C3 /* CloudTwo.png */ = {isa = PBXFileReference; lastKnownFileType = image.png; path = CloudTwo.png; sourceTree = "<group>"; };
		FA313D5321729731007863C3 /* Rectangle-1-40x20.png */ = {isa = PBXFileReference; lastKnownFileType = image.png; path = "Rectangle-1-40x20.png"; sourceTree = "<group>"; };
		FA313D5421729731007863C3 /* Skull.png */ = {isa = PBXFileReference; lastKnownFileType = image.png; path = Skull.png; sourceTree = "<group>"; };
		FA313D5521729731007863C3 /* Rectangle-2-120x20.png */ = {isa = PBXFileReference; lastKnownFileType = image.png; path = "Rectangle-2-120x20.png"; sourceTree = "<group>"; };
		FA313D5621729731007863C3 /* Circle-1-30x30.png */ = {isa = PBXFileReference; lastKnownFileType = image.png; path = "Circle-1-30x30.png"; sourceTree = "<group>"; };
		FA313D5721729731007863C3 /* OrangeTree.png */ = {isa = PBXFileReference; lastKnownFileType = image.png; path = OrangeTree.png; sourceTree = "<group>"; };
		FA313D5821729731007863C3 /* Rectangle-1-60x30.png */ = {isa = PBXFileReference; lastKnownFileType = image.png; path = "Rectangle-1-60x30.png"; sourceTree = "<group>"; };
		FA313D5921729731007863C3 /* Rectangle-2-30x30.png */ = {isa = PBXFileReference; lastKnownFileType = image.png; path = "Rectangle-2-30x30.png"; sourceTree = "<group>"; };
		FA313D5A21729731007863C3 /* Rectangle-2-20x20.png */ = {isa = PBXFileReference; lastKnownFileType = image.png; path = "Rectangle-2-20x20.png"; sourceTree = "<group>"; };
		FA313D5B21729731007863C3 /* Rectangle-1-60x20.png */ = {isa = PBXFileReference; lastKnownFileType = image.png; path = "Rectangle-1-60x20.png"; sourceTree = "<group>"; };
		FA313D5C21729731007863C3 /* background.png */ = {isa = PBXFileReference; lastKnownFileType = image.png; path = background.png; sourceTree = "<group>"; };
		FA313D5D21729731007863C3 /* Rectangle-3-120x20.png */ = {isa = PBXFileReference; lastKnownFileType = image.png; path = "Rectangle-3-120x20.png"; sourceTree = "<group>"; };
		FA313D5E21729731007863C3 /* Rectangle-3-40x20.png */ = {isa = PBXFileReference; lastKnownFileType = image.png; path = "Rectangle-3-40x20.png"; sourceTree = "<group>"; };
		FA313D5F21729731007863C3 /* Orange.png */ = {isa = PBXFileReference; lastKnownFileType = image.png; path = Orange.png; sourceTree = "<group>"; };
		FA313D6021729731007863C3 /* CloudThree.png */ = {isa = PBXFileReference; lastKnownFileType = image.png; path = CloudThree.png; sourceTree = "<group>"; };
		FA313D6121729731007863C3 /* Rectangle-2-60x30.png */ = {isa = PBXFileReference; lastKnownFileType = image.png; path = "Rectangle-2-60x30.png"; sourceTree = "<group>"; };
		FA313D6221729731007863C3 /* Rectangle-2-60x20.png */ = {isa = PBXFileReference; lastKnownFileType = image.png; path = "Rectangle-2-60x20.png"; sourceTree = "<group>"; };
		FA313D6321729731007863C3 /* Rectangle-1-20x20.png */ = {isa = PBXFileReference; lastKnownFileType = image.png; path = "Rectangle-1-20x20.png"; sourceTree = "<group>"; };
		FA313D6421729731007863C3 /* Rectangle-1-30x30.png */ = {isa = PBXFileReference; lastKnownFileType = image.png; path = "Rectangle-1-30x30.png"; sourceTree = "<group>"; };
		FA313D6521729731007863C3 /* Ground.png */ = {isa = PBXFileReference; lastKnownFileType = image.png; path = Ground.png; sourceTree = "<group>"; };
		FA313D6621729731007863C3 /* Rectangle-2-40x20.png */ = {isa = PBXFileReference; lastKnownFileType = image.png; path = "Rectangle-2-40x20.png"; sourceTree = "<group>"; };
		FA313D6721729731007863C3 /* CloudOne.png */ = {isa = PBXFileReference; lastKnownFileType = image.png; path = CloudOne.png; sourceTree = "<group>"; };
		FA313D6821729731007863C3 /* Rectangle-1-120x20.png */ = {isa = PBXFileReference; lastKnownFileType = image.png; path = "Rectangle-1-120x20.png"; sourceTree = "<group>"; };
		FA313D6921729731007863C3 /* Sun.png */ = {isa = PBXFileReference; lastKnownFileType = image.png; path = Sun.png; sourceTree = "<group>"; };
		FA313D6A21729731007863C3 /* Circle-2-30x30.png */ = {isa = PBXFileReference; lastKnownFileType = image.png; path = "Circle-2-30x30.png"; sourceTree = "<group>"; };
		FA313D6B21729731007863C3 /* Rectangle-4-40x20.png */ = {isa = PBXFileReference; lastKnownFileType = image.png; path = "Rectangle-4-40x20.png"; sourceTree = "<group>"; };
		FA313D6C21729731007863C3 /* Rectangle-4-120x20.png */ = {isa = PBXFileReference; lastKnownFileType = image.png; path = "Rectangle-4-120x20.png"; sourceTree = "<group>"; };
		FA313D882172ABD5007863C3 /* Mango.swift */ = {isa = PBXFileReference; lastKnownFileType = sourcecode.swift; path = Mango.swift; sourceTree = "<group>"; };
/* End PBXFileReference section */

/* Begin PBXFrameworksBuildPhase section */
		FA313CFC217295B9007863C3 /* Frameworks */ = {
			isa = PBXFrameworksBuildPhase;
			buildActionMask = 2147483647;
			files = (
			);
			runOnlyForDeploymentPostprocessing = 0;
		};
/* End PBXFrameworksBuildPhase section */

/* Begin PBXGroup section */
		FA313CF6217295B9007863C3 = {
			isa = PBXGroup;
			children = (
				FA313D01217295B9007863C3 /* MangoTree */,
				FA313D00217295B9007863C3 /* Products */,
			);
			sourceTree = "<group>";
		};
		FA313D00217295B9007863C3 /* Products */ = {
			isa = PBXGroup;
			children = (
				FA313CFF217295B9007863C3 /* MangoTree.app */,
			);
			name = Products;
			sourceTree = "<group>";
		};
		FA313D01217295B9007863C3 /* MangoTree */ = {
			isa = PBXGroup;
			children = (
				FA313D5121729731007863C3 /* Smashing-Things.atlas 3 */,
				FA313D02217295B9007863C3 /* AppDelegate.swift */,
				FA313D04217295B9007863C3 /* Level-1.sks */,
				FA313D08217295B9007863C3 /* GameScene.swift */,
				FA313D0A217295B9007863C3 /* GameViewController.swift */,
				FA313D882172ABD5007863C3 /* Mango.swift */,
				FA313D0C217295B9007863C3 /* Main.storyboard */,
				FA313D0F217295BC007863C3 /* Assets.xcassets */,
				FA313D11217295BC007863C3 /* LaunchScreen.storyboard */,
				FA313D14217295BC007863C3 /* Info.plist */,
			);
			path = MangoTree;
			sourceTree = "<group>";
		};
		FA313D5121729731007863C3 /* Smashing-Things.atlas 3 */ = {
			isa = PBXGroup;
			children = (
				FA313D5221729731007863C3 /* CloudTwo.png */,
				FA313D5321729731007863C3 /* Rectangle-1-40x20.png */,
				FA313D5421729731007863C3 /* Skull.png */,
				FA313D5521729731007863C3 /* Rectangle-2-120x20.png */,
				FA313D5621729731007863C3 /* Circle-1-30x30.png */,
				FA313D5721729731007863C3 /* OrangeTree.png */,
				FA313D5821729731007863C3 /* Rectangle-1-60x30.png */,
				FA313D5921729731007863C3 /* Rectangle-2-30x30.png */,
				FA313D5A21729731007863C3 /* Rectangle-2-20x20.png */,
				FA313D5B21729731007863C3 /* Rectangle-1-60x20.png */,
				FA313D5C21729731007863C3 /* background.png */,
				FA313D5D21729731007863C3 /* Rectangle-3-120x20.png */,
				FA313D5E21729731007863C3 /* Rectangle-3-40x20.png */,
				FA313D5F21729731007863C3 /* Orange.png */,
				FA313D6021729731007863C3 /* CloudThree.png */,
				FA313D6121729731007863C3 /* Rectangle-2-60x30.png */,
				FA313D6221729731007863C3 /* Rectangle-2-60x20.png */,
				FA313D6321729731007863C3 /* Rectangle-1-20x20.png */,
				FA313D6421729731007863C3 /* Rectangle-1-30x30.png */,
				FA313D6521729731007863C3 /* Ground.png */,
				FA313D6621729731007863C3 /* Rectangle-2-40x20.png */,
				FA313D6721729731007863C3 /* CloudOne.png */,
				FA313D6821729731007863C3 /* Rectangle-1-120x20.png */,
				FA313D6921729731007863C3 /* Sun.png */,
				FA313D6A21729731007863C3 /* Circle-2-30x30.png */,
				FA313D6B21729731007863C3 /* Rectangle-4-40x20.png */,
				FA313D6C21729731007863C3 /* Rectangle-4-120x20.png */,
			);
			path = "Smashing-Things.atlas 3";
			sourceTree = "<group>";
		};
/* End PBXGroup section */

/* Begin PBXNativeTarget section */
		FA313CFE217295B9007863C3 /* MangoTree */ = {
			isa = PBXNativeTarget;
			buildConfigurationList = FA313D17217295BC007863C3 /* Build configuration list for PBXNativeTarget "MangoTree" */;
			buildPhases = (
				FA313CFB217295B9007863C3 /* Sources */,
				FA313CFC217295B9007863C3 /* Frameworks */,
				FA313CFD217295B9007863C3 /* Resources */,
			);
			buildRules = (
			);
			dependencies = (
			);
			name = MangoTree;
			productName = MangoTree;
			productReference = FA313CFF217295B9007863C3 /* MangoTree.app */;
			productType = "com.apple.product-type.application";
		};
/* End PBXNativeTarget section */

/* Begin PBXProject section */
		FA313CF7217295B9007863C3 /* Project object */ = {
			isa = PBXProject;
			attributes = {
				LastSwiftUpdateCheck = 1000;
				LastUpgradeCheck = 1000;
				ORGANIZATIONNAME = "Stephanie Cherubin";
				TargetAttributes = {
					FA313CFE217295B9007863C3 = {
						CreatedOnToolsVersion = 10.0;
					};
				};
			};
			buildConfigurationList = FA313CFA217295B9007863C3 /* Build configuration list for PBXProject "MangoTree" */;
			compatibilityVersion = "Xcode 9.3";
			developmentRegion = en;
			hasScannedForEncodings = 0;
			knownRegions = (
				en,
				Base,
			);
			mainGroup = FA313CF6217295B9007863C3;
			productRefGroup = FA313D00217295B9007863C3 /* Products */;
			projectDirPath = "";
			projectRoot = "";
			targets = (
				FA313CFE217295B9007863C3 /* MangoTree */,
			);
		};
/* End PBXProject section */

/* Begin PBXResourcesBuildPhase section */
		FA313CFD217295B9007863C3 /* Resources */ = {
			isa = PBXResourcesBuildPhase;
			buildActionMask = 2147483647;
			files = (
				FA313D0E217295B9007863C3 /* Main.storyboard in Resources */,
				FA313D7721729731007863C3 /* background.png in Resources */,
				FA313D7421729731007863C3 /* Rectangle-2-30x30.png in Resources */,
				FA313D7D21729731007863C3 /* Rectangle-2-60x20.png in Resources */,
				FA313D7321729731007863C3 /* Rectangle-1-60x30.png in Resources */,
				FA313D7521729731007863C3 /* Rectangle-2-20x20.png in Resources */,
				FA313D7F21729731007863C3 /* Rectangle-1-30x30.png in Resources */,
				FA313D8121729731007863C3 /* Rectangle-2-40x20.png in Resources */,
				FA313D6E21729731007863C3 /* Rectangle-1-40x20.png in Resources */,
				FA313D7C21729731007863C3 /* Rectangle-2-60x30.png in Resources */,
				FA313D05217295B9007863C3 /* Level-1.sks in Resources */,
				FA313D7021729731007863C3 /* Rectangle-2-120x20.png in Resources */,
				FA313D7E21729731007863C3 /* Rectangle-1-20x20.png in Resources */,
				FA313D8521729731007863C3 /* Circle-2-30x30.png in Resources */,
				FA313D7A21729731007863C3 /* Orange.png in Resources */,
				FA313D8321729731007863C3 /* Rectangle-1-120x20.png in Resources */,
				FA313D10217295BC007863C3 /* Assets.xcassets in Resources */,
				FA313D13217295BC007863C3 /* LaunchScreen.storyboard in Resources */,
				FA313D8221729731007863C3 /* CloudOne.png in Resources */,
				FA313D6D21729731007863C3 /* CloudTwo.png in Resources */,
				FA313D8621729731007863C3 /* Rectangle-4-40x20.png in Resources */,
				FA313D7821729731007863C3 /* Rectangle-3-120x20.png in Resources */,
				FA313D8021729731007863C3 /* Ground.png in Resources */,
				FA313D8421729731007863C3 /* Sun.png in Resources */,
				FA313D8721729731007863C3 /* Rectangle-4-120x20.png in Resources */,
				FA313D7121729731007863C3 /* Circle-1-30x30.png in Resources */,
				FA313D7921729731007863C3 /* Rectangle-3-40x20.png in Resources */,
				FA313D7B21729731007863C3 /* CloudThree.png in Resources */,
				FA313D6F21729731007863C3 /* Skull.png in Resources */,
				FA313D7621729731007863C3 /* Rectangle-1-60x20.png in Resources */,
				FA313D7221729731007863C3 /* OrangeTree.png in Resources */,
			);
			runOnlyForDeploymentPostprocessing = 0;
		};
/* End PBXResourcesBuildPhase section */

/* Begin PBXSourcesBuildPhase section */
		FA313CFB217295B9007863C3 /* Sources */ = {
			isa = PBXSourcesBuildPhase;
			buildActionMask = 2147483647;
			files = (
				FA313D892172ABD5007863C3 /* Mango.swift in Sources */,
				FA313D09217295B9007863C3 /* GameScene.swift in Sources */,
				FA313D0B217295B9007863C3 /* GameViewController.swift in Sources */,
				FA313D03217295B9007863C3 /* AppDelegate.swift in Sources */,
			);
			runOnlyForDeploymentPostprocessing = 0;
		};
/* End PBXSourcesBuildPhase section */

/* Begin PBXVariantGroup section */
		FA313D0C217295B9007863C3 /* Main.storyboard */ = {
			isa = PBXVariantGroup;
			children = (
				FA313D0D217295B9007863C3 /* Base */,
			);
			name = Main.storyboard;
			sourceTree = "<group>";
		};
		FA313D11217295BC007863C3 /* LaunchScreen.storyboard */ = {
			isa = PBXVariantGroup;
			children = (
				FA313D12217295BC007863C3 /* Base */,
			);
			name = LaunchScreen.storyboard;
			sourceTree = "<group>";
		};
/* End PBXVariantGroup section */

/* Begin XCBuildConfiguration section */
		FA313D15217295BC007863C3 /* Debug */ = {
			isa = XCBuildConfiguration;
			buildSettings = {
				ALWAYS_SEARCH_USER_PATHS = NO;
				CLANG_ANALYZER_NONNULL = YES;
				CLANG_ANALYZER_NUMBER_OBJECT_CONVERSION = YES_AGGRESSIVE;
				CLANG_CXX_LANGUAGE_STANDARD = "gnu++14";
				CLANG_CXX_LIBRARY = "libc++";
				CLANG_ENABLE_MODULES = YES;
				CLANG_ENABLE_OBJC_ARC = YES;
				CLANG_ENABLE_OBJC_WEAK = YES;
				CLANG_WARN_BLOCK_CAPTURE_AUTORELEASING = YES;
				CLANG_WARN_BOOL_CONVERSION = YES;
				CLANG_WARN_COMMA = YES;
				CLANG_WARN_CONSTANT_CONVERSION = YES;
				CLANG_WARN_DEPRECATED_OBJC_IMPLEMENTATIONS = YES;
				CLANG_WARN_DIRECT_OBJC_ISA_USAGE = YES_ERROR;
				CLANG_WARN_DOCUMENTATION_COMMENTS = YES;
				CLANG_WARN_EMPTY_BODY = YES;
				CLANG_WARN_ENUM_CONVERSION = YES;
				CLANG_WARN_INFINITE_RECURSION = YES;
				CLANG_WARN_INT_CONVERSION = YES;
				CLANG_WARN_NON_LITERAL_NULL_CONVERSION = YES;
				CLANG_WARN_OBJC_IMPLICIT_RETAIN_SELF = YES;
				CLANG_WARN_OBJC_LITERAL_CONVERSION = YES;
				CLANG_WARN_OBJC_ROOT_CLASS = YES_ERROR;
				CLANG_WARN_RANGE_LOOP_ANALYSIS = YES;
				CLANG_WARN_STRICT_PROTOTYPES = YES;
				CLANG_WARN_SUSPICIOUS_MOVE = YES;
				CLANG_WARN_UNGUARDED_AVAILABILITY = YES_AGGRESSIVE;
				CLANG_WARN_UNREACHABLE_CODE = YES;
				CLANG_WARN__DUPLICATE_METHOD_MATCH = YES;
				CODE_SIGN_IDENTITY = "iPhone Developer";
				COPY_PHASE_STRIP = NO;
				DEBUG_INFORMATION_FORMAT = dwarf;
				ENABLE_STRICT_OBJC_MSGSEND = YES;
				ENABLE_TESTABILITY = YES;
				GCC_C_LANGUAGE_STANDARD = gnu11;
				GCC_DYNAMIC_NO_PIC = NO;
				GCC_NO_COMMON_BLOCKS = YES;
				GCC_OPTIMIZATION_LEVEL = 0;
				GCC_PREPROCESSOR_DEFINITIONS = (
					"DEBUG=1",
					"$(inherited)",
				);
				GCC_WARN_64_TO_32_BIT_CONVERSION = YES;
				GCC_WARN_ABOUT_RETURN_TYPE = YES_ERROR;
				GCC_WARN_UNDECLARED_SELECTOR = YES;
				GCC_WARN_UNINITIALIZED_AUTOS = YES_AGGRESSIVE;
				GCC_WARN_UNUSED_FUNCTION = YES;
				GCC_WARN_UNUSED_VARIABLE = YES;
				IPHONEOS_DEPLOYMENT_TARGET = 12.0;
				MTL_ENABLE_DEBUG_INFO = INCLUDE_SOURCE;
				MTL_FAST_MATH = YES;
				ONLY_ACTIVE_ARCH = YES;
				SDKROOT = iphoneos;
				SWIFT_ACTIVE_COMPILATION_CONDITIONS = DEBUG;
				SWIFT_OPTIMIZATION_LEVEL = "-Onone";
			};
			name = Debug;
		};
		FA313D16217295BC007863C3 /* Release */ = {
			isa = XCBuildConfiguration;
			buildSettings = {
				ALWAYS_SEARCH_USER_PATHS = NO;
				CLANG_ANALYZER_NONNULL = YES;
				CLANG_ANALYZER_NUMBER_OBJECT_CONVERSION = YES_AGGRESSIVE;
				CLANG_CXX_LANGUAGE_STANDARD = "gnu++14";
				CLANG_CXX_LIBRARY = "libc++";
				CLANG_ENABLE_MODULES = YES;
				CLANG_ENABLE_OBJC_ARC = YES;
				CLANG_ENABLE_OBJC_WEAK = YES;
				CLANG_WARN_BLOCK_CAPTURE_AUTORELEASING = YES;
				CLANG_WARN_BOOL_CONVERSION = YES;
				CLANG_WARN_COMMA = YES;
				CLANG_WARN_CONSTANT_CONVERSION = YES;
				CLANG_WARN_DEPRECATED_OBJC_IMPLEMENTATIONS = YES;
				CLANG_WARN_DIRECT_OBJC_ISA_USAGE = YES_ERROR;
				CLANG_WARN_DOCUMENTATION_COMMENTS = YES;
				CLANG_WARN_EMPTY_BODY = YES;
				CLANG_WARN_ENUM_CONVERSION = YES;
				CLANG_WARN_INFINITE_RECURSION = YES;
				CLANG_WARN_INT_CONVERSION = YES;
				CLANG_WARN_NON_LITERAL_NULL_CONVERSION = YES;
				CLANG_WARN_OBJC_IMPLICIT_RETAIN_SELF = YES;
				CLANG_WARN_OBJC_LITERAL_CONVERSION = YES;
				CLANG_WARN_OBJC_ROOT_CLASS = YES_ERROR;
				CLANG_WARN_RANGE_LOOP_ANALYSIS = YES;
				CLANG_WARN_STRICT_PROTOTYPES = YES;
				CLANG_WARN_SUSPICIOUS_MOVE = YES;
				CLANG_WARN_UNGUARDED_AVAILABILITY = YES_AGGRESSIVE;
				CLANG_WARN_UNREACHABLE_CODE = YES;
				CLANG_WARN__DUPLICATE_METHOD_MATCH = YES;
				CODE_SIGN_IDENTITY = "iPhone Developer";
				COPY_PHASE_STRIP = NO;
				DEBUG_INFORMATION_FORMAT = "dwarf-with-dsym";
				ENABLE_NS_ASSERTIONS = NO;
				ENABLE_STRICT_OBJC_MSGSEND = YES;
				GCC_C_LANGUAGE_STANDARD = gnu11;
				GCC_NO_COMMON_BLOCKS = YES;
				GCC_WARN_64_TO_32_BIT_CONVERSION = YES;
				GCC_WARN_ABOUT_RETURN_TYPE = YES_ERROR;
				GCC_WARN_UNDECLARED_SELECTOR = YES;
				GCC_WARN_UNINITIALIZED_AUTOS = YES_AGGRESSIVE;
				GCC_WARN_UNUSED_FUNCTION = YES;
				GCC_WARN_UNUSED_VARIABLE = YES;
				IPHONEOS_DEPLOYMENT_TARGET = 12.0;
				MTL_ENABLE_DEBUG_INFO = NO;
				MTL_FAST_MATH = YES;
				SDKROOT = iphoneos;
				SWIFT_COMPILATION_MODE = wholemodule;
				SWIFT_OPTIMIZATION_LEVEL = "-O";
				VALIDATE_PRODUCT = YES;
			};
			name = Release;
		};
		FA313D18217295BC007863C3 /* Debug */ = {
			isa = XCBuildConfiguration;
			buildSettings = {
				ASSETCATALOG_COMPILER_APPICON_NAME = AppIcon;
				CODE_SIGN_STYLE = Automatic;
				DEVELOPMENT_TEAM = 4P32DX74BT;
				INFOPLIST_FILE = MangoTree/Info.plist;
				LD_RUNPATH_SEARCH_PATHS = (
					"$(inherited)",
					"@executable_path/Frameworks",
				);
				PRODUCT_BUNDLE_IDENTIFIER = stephanie.MangoTree;
				PRODUCT_NAME = "$(TARGET_NAME)";
				SWIFT_VERSION = 4.2;
				TARGETED_DEVICE_FAMILY = "1,2";
			};
			name = Debug;
		};
		FA313D19217295BC007863C3 /* Release */ = {
			isa = XCBuildConfiguration;
			buildSettings = {
				ASSETCATALOG_COMPILER_APPICON_NAME = AppIcon;
				CODE_SIGN_STYLE = Automatic;
				DEVELOPMENT_TEAM = 4P32DX74BT;
				INFOPLIST_FILE = MangoTree/Info.plist;
				LD_RUNPATH_SEARCH_PATHS = (
					"$(inherited)",
					"@executable_path/Frameworks",
				);
				PRODUCT_BUNDLE_IDENTIFIER = stephanie.MangoTree;
				PRODUCT_NAME = "$(TARGET_NAME)";
				SWIFT_VERSION = 4.2;
				TARGETED_DEVICE_FAMILY = "1,2";
			};
			name = Release;
		};
/* End XCBuildConfiguration section */

/* Begin XCConfigurationList section */
		FA313CFA217295B9007863C3 /* Build configuration list for PBXProject "MangoTree" */ = {
			isa = XCConfigurationList;
			buildConfigurations = (
				FA313D15217295BC007863C3 /* Debug */,
				FA313D16217295BC007863C3 /* Release */,
			);
			defaultConfigurationIsVisible = 0;
			defaultConfigurationName = Release;
		};
		FA313D17217295BC007863C3 /* Build configuration list for PBXNativeTarget "MangoTree" */ = {
			isa = XCConfigurationList;
			buildConfigurations = (
				FA313D18217295BC007863C3 /* Debug */,
				FA313D19217295BC007863C3 /* Release */,
			);
			defaultConfigurationIsVisible = 0;
			defaultConfigurationName = Release;
		};
/* End XCConfigurationList section */
	};
	rootObject = FA313CF7217295B9007863C3 /* Project object */;
}
